
Microsoft Visual Studio Solution File, Format Version 12.00
# Visual Studio 15
VisualStudioVersion = 15.0.28307.572
MinimumVisualStudioVersion = 10.0.40219.1
Project("{DA7A21FA-8162-4350-AD77-A8D1B671F3ED}") = "Quantitative-Investments", "Quantitative-Investments.rxproj", "{5B0C8DC9-F5F0-47E2-A6C4-86FD9FB67DCD}"
EndProject
Global
	GlobalSection(SolutionConfigurationPlatforms) = preSolution
		Debug|Any CPU = Debug|Any CPU
		Release|Any CPU = Release|Any CPU
	EndGlobalSection
	GlobalSection(ProjectConfigurationPlatforms) = postSolution
		{5B0C8DC9-F5F0-47E2-A6C4-86FD9FB67DCD}.Debug|Any CPU.ActiveCfg = Debug|Any CPU
		{5B0C8DC9-F5F0-47E2-A6C4-86FD9FB67DCD}.Debug|Any CPU.Build.0 = Debug|Any CPU
		{5B0C8DC9-F5F0-47E2-A6C4-86FD9FB67DCD}.Release|Any CPU.ActiveCfg = Release|Any CPU
		{5B0C8DC9-F5F0-47E2-A6C4-86FD9FB67DCD}.Release|Any CPU.Build.0 = Release|Any CPU
	EndGlobalSection
	GlobalSection(SolutionProperties) = preSolution
		HideSolutionNode = FALSE
	EndGlobalSection
	GlobalSection(ExtensibilityGlobals) = postSolution
		SolutionGuid = {324B1185-4CE3-4F53-9E1F-A7171E4AE7F2}
	EndGlobalSection
EndGlobal
